
Microsoft Visual Studio Solution File, Format Version 12.00
# Visual Studio Version 16
VisualStudioVersion = 16.0.32901.82
MinimumVisualStudioVersion = 10.0.40219.1
Project("{9A19103F-16F7-4668-BE54-9A1E7A4F7556}") = "homework11", "homework11.csproj", "{097E5AAD-9E1E-4B76-8998-4632C460321D}"
EndProject
Project("{FAE04EC0-301F-11D3-BF4B-00C04F79EFBC}") = "Tumakov", "..\Tumakov\Tumakov.csproj", "{B8AC0146-C7F3-4498-B555-4507457F0F43}"
EndProject
Global
	GlobalSection(SolutionConfigurationPlatforms) = preSolution
		Debug|Any CPU = Debug|Any CPU
		Release|Any CPU = Release|Any CPU
	EndGlobalSection
	GlobalSection(ProjectConfigurationPlatforms) = postSolution
		{097E5AAD-9E1E-4B76-8998-4632C460321D}.Debug|Any CPU.ActiveCfg = Debug|Any CPU
		{097E5AAD-9E1E-4B76-8998-4632C460321D}.Debug|Any CPU.Build.0 = Debug|Any CPU
		{097E5AAD-9E1E-4B76-8998-4632C460321D}.Release|Any CPU.ActiveCfg = Release|Any CPU
		{097E5AAD-9E1E-4B76-8998-4632C460321D}.Release|Any CPU.Build.0 = Release|Any CPU
		{B8AC0146-C7F3-4498-B555-4507457F0F43}.Debug|Any CPU.ActiveCfg = Debug|Any CPU
		{B8AC0146-C7F3-4498-B555-4507457F0F43}.Debug|Any CPU.Build.0 = Debug|Any CPU
		{B8AC0146-C7F3-4498-B555-4507457F0F43}.Release|Any CPU.ActiveCfg = Release|Any CPU
		{B8AC0146-C7F3-4498-B555-4507457F0F43}.Release|Any CPU.Build.0 = Release|Any CPU
	EndGlobalSection
	GlobalSection(SolutionProperties) = preSolution
		HideSolutionNode = FALSE
	EndGlobalSection
	GlobalSection(ExtensibilityGlobals) = postSolution
		SolutionGuid = {3EE22B19-5FBB-49E9-AD4E-321C47FDCCF2}
	EndGlobalSection
EndGlobal
